// !$*UTF8*$!
{
	archiveVersion = 1;
	classes = {
	};
	objectVersion = 50;
	objects = {

/* Begin PBXBuildFile section */
		522446FE25D24D9A00D0221B /* AppDelegate.swift in Sources */ = {isa = PBXBuildFile; fileRef = 522446FD25D24D9A00D0221B /* AppDelegate.swift */; };
		5224470025D24D9A00D0221B /* SceneDelegate.swift in Sources */ = {isa = PBXBuildFile; fileRef = 522446FF25D24D9A00D0221B /* SceneDelegate.swift */; };
		5224470225D24D9A00D0221B /* ViewController.swift in Sources */ = {isa = PBXBuildFile; fileRef = 5224470125D24D9A00D0221B /* ViewController.swift */; };
		5224470525D24D9A00D0221B /* Main.storyboard in Resources */ = {isa = PBXBuildFile; fileRef = 5224470325D24D9A00D0221B /* Main.storyboard */; };
		5224470725D24D9B00D0221B /* Assets.xcassets in Resources */ = {isa = PBXBuildFile; fileRef = 5224470625D24D9B00D0221B /* Assets.xcassets */; };
		5224470A25D24D9B00D0221B /* LaunchScreen.storyboard in Resources */ = {isa = PBXBuildFile; fileRef = 5224470825D24D9B00D0221B /* LaunchScreen.storyboard */; };
		5224471925D24E8D00D0221B /* ReadMe.swift in Sources */ = {isa = PBXBuildFile; fileRef = 5224471825D24E8D00D0221B /* ReadMe.swift */; };
		5224471C25D24ED700D0221B /* Readme.swift in Sources */ = {isa = PBXBuildFile; fileRef = 5224471B25D24ED700D0221B /* Readme.swift */; };
		5224471F25D24F1600D0221B /* Readme.swift in Sources */ = {isa = PBXBuildFile; fileRef = 5224471E25D24F1600D0221B /* Readme.swift */; };
		5224472225D24F4300D0221B /* Readme.swift in Sources */ = {isa = PBXBuildFile; fileRef = 5224472125D24F4300D0221B /* Readme.swift */; };
		525D827725D674120056333A /* Libraries.swift in Sources */ = {isa = PBXBuildFile; fileRef = 525D827625D674120056333A /* Libraries.swift */; };
/* End PBXBuildFile section */

/* Begin PBXFileReference section */
		522446FA25D24D9A00D0221B /* MFS_sprint_1.app */ = {isa = PBXFileReference; explicitFileType = wrapper.application; includeInIndex = 0; path = MFS_sprint_1.app; sourceTree = BUILT_PRODUCTS_DIR; };
		522446FD25D24D9A00D0221B /* AppDelegate.swift */ = {isa = PBXFileReference; lastKnownFileType = sourcecode.swift; path = AppDelegate.swift; sourceTree = "<group>"; };
		522446FF25D24D9A00D0221B /* SceneDelegate.swift */ = {isa = PBXFileReference; lastKnownFileType = sourcecode.swift; path = SceneDelegate.swift; sourceTree = "<group>"; };
		5224470125D24D9A00D0221B /* ViewController.swift */ = {isa = PBXFileReference; lastKnownFileType = sourcecode.swift; path = ViewController.swift; sourceTree = "<group>"; };
		5224470425D24D9A00D0221B /* Base */ = {isa = PBXFileReference; lastKnownFileType = file.storyboard; name = Base; path = Base.lproj/Main.storyboard; sourceTree = "<group>"; };
		5224470625D24D9B00D0221B /* Assets.xcassets */ = {isa = PBXFileReference; lastKnownFileType = folder.assetcatalog; path = Assets.xcassets; sourceTree = "<group>"; };
		5224470925D24D9B00D0221B /* Base */ = {isa = PBXFileReference; lastKnownFileType = file.storyboard; name = Base; path = Base.lproj/LaunchScreen.storyboard; sourceTree = "<group>"; };
		5224470B25D24D9B00D0221B /* Info.plist */ = {isa = PBXFileReference; lastKnownFileType = text.plist.xml; path = Info.plist; sourceTree = "<group>"; };
		5224471825D24E8D00D0221B /* ReadMe.swift */ = {isa = PBXFileReference; lastKnownFileType = sourcecode.swift; path = ReadMe.swift; sourceTree = "<group>"; };
		5224471B25D24ED700D0221B /* Readme.swift */ = {isa = PBXFileReference; lastKnownFileType = sourcecode.swift; path = Readme.swift; sourceTree = "<group>"; };
		5224471E25D24F1600D0221B /* Readme.swift */ = {isa = PBXFileReference; lastKnownFileType = sourcecode.swift; path = Readme.swift; sourceTree = "<group>"; };
		5224472125D24F4300D0221B /* Readme.swift */ = {isa = PBXFileReference; lastKnownFileType = sourcecode.swift; path = Readme.swift; sourceTree = "<group>"; };
		525D827625D674120056333A /* Libraries.swift */ = {isa = PBXFileReference; lastKnownFileType = sourcecode.swift; path = Libraries.swift; sourceTree = "<group>"; };
/* End PBXFileReference section */

/* Begin PBXFrameworksBuildPhase section */
		522446F725D24D9A00D0221B /* Frameworks */ = {
			isa = PBXFrameworksBuildPhase;
			buildActionMask = 2147483647;
			files = (
			);
			runOnlyForDeploymentPostprocessing = 0;
		};
/* End PBXFrameworksBuildPhase section */

/* Begin PBXGroup section */
		522446F125D24D9A00D0221B = {
			isa = PBXGroup;
			children = (
				522446FC25D24D9A00D0221B /* MFS_sprint_1 */,
				522446FB25D24D9A00D0221B /* Products */,
			);
			sourceTree = "<group>";
		};
		522446FB25D24D9A00D0221B /* Products */ = {
			isa = PBXGroup;
			children = (
				522446FA25D24D9A00D0221B /* MFS_sprint_1.app */,
			);
			name = Products;
			sourceTree = "<group>";
		};
		522446FC25D24D9A00D0221B /* MFS_sprint_1 */ = {
			isa = PBXGroup;
			children = (
				525D827525D674050056333A /* Libraries */,
				5224471625D24DE300D0221B /* Utilities */,
				5224471525D24DBD00D0221B /* Support */,
				5224471425D24DAE00D0221B /* Controller */,
				5224471325D24DAA00D0221B /* VIew */,
				5224471225D24DA300D0221B /* Model */,
				5224470B25D24D9B00D0221B /* Info.plist */,
			);
			path = MFS_sprint_1;
			sourceTree = "<group>";
		};
		5224471225D24DA300D0221B /* Model */ = {
			isa = PBXGroup;
			children = (
				5224472125D24F4300D0221B /* Readme.swift */,
			);
			path = Model;
			sourceTree = "<group>";
		};
		5224471325D24DAA00D0221B /* VIew */ = {
			isa = PBXGroup;
			children = (
				5224470325D24D9A00D0221B /* Main.storyboard */,
				5224471E25D24F1600D0221B /* Readme.swift */,
			);
			path = VIew;
			sourceTree = "<group>";
		};
		5224471425D24DAE00D0221B /* Controller */ = {
			isa = PBXGroup;
			children = (
				5224470125D24D9A00D0221B /* ViewController.swift */,
				5224471B25D24ED700D0221B /* Readme.swift */,
			);
			path = Controller;
			sourceTree = "<group>";
		};
		5224471525D24DBD00D0221B /* Support */ = {
			isa = PBXGroup;
			children = (
				522446FD25D24D9A00D0221B /* AppDelegate.swift */,
				522446FF25D24D9A00D0221B /* SceneDelegate.swift */,
				5224470625D24D9B00D0221B /* Assets.xcassets */,
				5224470825D24D9B00D0221B /* LaunchScreen.storyboard */,
			);
			path = Support;
			sourceTree = "<group>";
		};
		5224471625D24DE300D0221B /* Utilities */ = {
			isa = PBXGroup;
			children = (
				5224471825D24E8D00D0221B /* ReadMe.swift */,
			);
			path = Utilities;
			sourceTree = "<group>";
		};
		525D827525D674050056333A /* Libraries */ = {
			isa = PBXGroup;
			children = (
				525D827625D674120056333A /* Libraries.swift */,
			);
			path = Libraries;
			sourceTree = "<group>";
		};
/* End PBXGroup section */

/* Begin PBXNativeTarget section */
		522446F925D24D9A00D0221B /* MFS_sprint_1 */ = {
			isa = PBXNativeTarget;
			buildConfigurationList = 5224470E25D24D9B00D0221B /* Build configuration list for PBXNativeTarget "MFS_sprint_1" */;
			buildPhases = (
				522446F625D24D9A00D0221B /* Sources */,
				522446F725D24D9A00D0221B /* Frameworks */,
				522446F825D24D9A00D0221B /* Resources */,
			);
			buildRules = (
			);
			dependencies = (
			);
			name = MFS_sprint_1;
			productName = MFS_sprint_1;
			productReference = 522446FA25D24D9A00D0221B /* MFS_sprint_1.app */;
			productType = "com.apple.product-type.application";
		};
/* End PBXNativeTarget section */

/* Begin PBXProject section */
		522446F225D24D9A00D0221B /* Project object */ = {
			isa = PBXProject;
			attributes = {
				LastSwiftUpdateCheck = 1240;
				LastUpgradeCheck = 1240;
				TargetAttributes = {
					522446F925D24D9A00D0221B = {
						CreatedOnToolsVersion = 12.4;
					};
				};
			};
			buildConfigurationList = 522446F525D24D9A00D0221B /* Build configuration list for PBXProject "MFS_sprint_1" */;
			compatibilityVersion = "Xcode 9.3";
			developmentRegion = en;
			hasScannedForEncodings = 0;
			knownRegions = (
				en,
				Base,
			);
			mainGroup = 522446F125D24D9A00D0221B;
			productRefGroup = 522446FB25D24D9A00D0221B /* Products */;
			projectDirPath = "";
			projectRoot = "";
			targets = (
				522446F925D24D9A00D0221B /* MFS_sprint_1 */,
			);
		};
/* End PBXProject section */

/* Begin PBXResourcesBuildPhase section */
		522446F825D24D9A00D0221B /* Resources */ = {
			isa = PBXResourcesBuildPhase;
			buildActionMask = 2147483647;
			files = (
				5224470A25D24D9B00D0221B /* LaunchScreen.storyboard in Resources */,
				5224470725D24D9B00D0221B /* Assets.xcassets in Resources */,
				5224470525D24D9A00D0221B /* Main.storyboard in Resources */,
			);
			runOnlyForDeploymentPostprocessing = 0;
		};
/* End PBXResourcesBuildPhase section */

/* Begin PBXSourcesBuildPhase section */
		522446F625D24D9A00D0221B /* Sources */ = {
			isa = PBXSourcesBuildPhase;
			buildActionMask = 2147483647;
			files = (
				5224471C25D24ED700D0221B /* Readme.swift in Sources */,
				5224471F25D24F1600D0221B /* Readme.swift in Sources */,
				5224470225D24D9A00D0221B /* ViewController.swift in Sources */,
				5224471925D24E8D00D0221B /* ReadMe.swift in Sources */,
				522446FE25D24D9A00D0221B /* AppDelegate.swift in Sources */,
				5224472225D24F4300D0221B /* Readme.swift in Sources */,
				5224470025D24D9A00D0221B /* SceneDelegate.swift in Sources */,
				525D827725D674120056333A /* Libraries.swift in Sources */,
			);
			runOnlyForDeploymentPostprocessing = 0;
		};
/* End PBXSourcesBuildPhase section */

/* Begin PBXVariantGroup section */
		5224470325D24D9A00D0221B /* Main.storyboard */ = {
			isa = PBXVariantGroup;
			children = (
				5224470425D24D9A00D0221B /* Base */,
			);
			name = Main.storyboard;
			sourceTree = "<group>";
		};
		5224470825D24D9B00D0221B /* LaunchScreen.storyboard */ = {
			isa = PBXVariantGroup;
			children = (
				5224470925D24D9B00D0221B /* Base */,
			);
			name = LaunchScreen.storyboard;
			sourceTree = "<group>";
		};
/* End PBXVariantGroup section */

/* Begin XCBuildConfiguration section */
		5224470C25D24D9B00D0221B /* Debug */ = {
			isa = XCBuildConfiguration;
			buildSettings = {
				ALWAYS_SEARCH_USER_PATHS = NO;
				CLANG_ANALYZER_NONNULL = YES;
				CLANG_ANALYZER_NUMBER_OBJECT_CONVERSION = YES_AGGRESSIVE;
				CLANG_CXX_LANGUAGE_STANDARD = "gnu++14";
				CLANG_CXX_LIBRARY = "libc++";
				CLANG_ENABLE_MODULES = YES;
				CLANG_ENABLE_OBJC_ARC = YES;
				CLANG_ENABLE_OBJC_WEAK = YES;
				CLANG_WARN_BLOCK_CAPTURE_AUTORELEASING = YES;
				CLANG_WARN_BOOL_CONVERSION = YES;
				CLANG_WARN_COMMA = YES;
				CLANG_WARN_CONSTANT_CONVERSION = YES;
				CLANG_WARN_DEPRECATED_OBJC_IMPLEMENTATIONS = YES;
				CLANG_WARN_DIRECT_OBJC_ISA_USAGE = YES_ERROR;
				CLANG_WARN_DOCUMENTATION_COMMENTS = YES;
				CLANG_WARN_EMPTY_BODY = YES;
				CLANG_WARN_ENUM_CONVERSION = YES;
				CLANG_WARN_INFINITE_RECURSION = YES;
				CLANG_WARN_INT_CONVERSION = YES;
				CLANG_WARN_NON_LITERAL_NULL_CONVERSION = YES;
				CLANG_WARN_OBJC_IMPLICIT_RETAIN_SELF = YES;
				CLANG_WARN_OBJC_LITERAL_CONVERSION = YES;
				CLANG_WARN_OBJC_ROOT_CLASS = YES_ERROR;
				CLANG_WARN_QUOTED_INCLUDE_IN_FRAMEWORK_HEADER = YES;
				CLANG_WARN_RANGE_LOOP_ANALYSIS = YES;
				CLANG_WARN_STRICT_PROTOTYPES = YES;
				CLANG_WARN_SUSPICIOUS_MOVE = YES;
				CLANG_WARN_UNGUARDED_AVAILABILITY = YES_AGGRESSIVE;
				CLANG_WARN_UNREACHABLE_CODE = YES;
				CLANG_WARN__DUPLICATE_METHOD_MATCH = YES;
				COPY_PHASE_STRIP = NO;
				DEBUG_INFORMATION_FORMAT = dwarf;
				ENABLE_STRICT_OBJC_MSGSEND = YES;
				ENABLE_TESTABILITY = YES;
				GCC_C_LANGUAGE_STANDARD = gnu11;
				GCC_DYNAMIC_NO_PIC = NO;
				GCC_NO_COMMON_BLOCKS = YES;
				GCC_OPTIMIZATION_LEVEL = 0;
				GCC_PREPROCESSOR_DEFINITIONS = (
					"DEBUG=1",
					"$(inherited)",
				);
				GCC_WARN_64_TO_32_BIT_CONVERSION = YES;
				GCC_WARN_ABOUT_RETURN_TYPE = YES_ERROR;
				GCC_WARN_UNDECLARED_SELECTOR = YES;
				GCC_WARN_UNINITIALIZED_AUTOS = YES_AGGRESSIVE;
				GCC_WARN_UNUSED_FUNCTION = YES;
				GCC_WARN_UNUSED_VARIABLE = YES;
				IPHONEOS_DEPLOYMENT_TARGET = 14.4;
				MTL_ENABLE_DEBUG_INFO = INCLUDE_SOURCE;
				MTL_FAST_MATH = YES;
				ONLY_ACTIVE_ARCH = YES;
				SDKROOT = iphoneos;
				SWIFT_ACTIVE_COMPILATION_CONDITIONS = DEBUG;
				SWIFT_OPTIMIZATION_LEVEL = "-Onone";
			};
			name = Debug;
		};
		5224470D25D24D9B00D0221B /* Release */ = {
			isa = XCBuildConfiguration;
			buildSettings = {
				ALWAYS_SEARCH_USER_PATHS = NO;
				CLANG_ANALYZER_NONNULL = YES;
				CLANG_ANALYZER_NUMBER_OBJECT_CONVERSION = YES_AGGRESSIVE;
				CLANG_CXX_LANGUAGE_STANDARD = "gnu++14";
				CLANG_CXX_LIBRARY = "libc++";
				CLANG_ENABLE_MODULES = YES;
				CLANG_ENABLE_OBJC_ARC = YES;
				CLANG_ENABLE_OBJC_WEAK = YES;
				CLANG_WARN_BLOCK_CAPTURE_AUTORELEASING = YES;
				CLANG_WARN_BOOL_CONVERSION = YES;
				CLANG_WARN_COMMA = YES;
				CLANG_WARN_CONSTANT_CONVERSION = YES;
				CLANG_WARN_DEPRECATED_OBJC_IMPLEMENTATIONS = YES;
				CLANG_WARN_DIRECT_OBJC_ISA_USAGE = YES_ERROR;
				CLANG_WARN_DOCUMENTATION_COMMENTS = YES;
				CLANG_WARN_EMPTY_BODY = YES;
				CLANG_WARN_ENUM_CONVERSION = YES;
				CLANG_WARN_INFINITE_RECURSION = YES;
				CLANG_WARN_INT_CONVERSION = YES;
				CLANG_WARN_NON_LITERAL_NULL_CONVERSION = YES;
				CLANG_WARN_OBJC_IMPLICIT_RETAIN_SELF = YES;
				CLANG_WARN_OBJC_LITERAL_CONVERSION = YES;
				CLANG_WARN_OBJC_ROOT_CLASS = YES_ERROR;
				CLANG_WARN_QUOTED_INCLUDE_IN_FRAMEWORK_HEADER = YES;
				CLANG_WARN_RANGE_LOOP_ANALYSIS = YES;
				CLANG_WARN_STRICT_PROTOTYPES = YES;
				CLANG_WARN_SUSPICIOUS_MOVE = YES;
				CLANG_WARN_UNGUARDED_AVAILABILITY = YES_AGGRESSIVE;
				CLANG_WARN_UNREACHABLE_CODE = YES;
				CLANG_WARN__DUPLICATE_METHOD_MATCH = YES;
				COPY_PHASE_STRIP = NO;
				DEBUG_INFORMATION_FORMAT = "dwarf-with-dsym";
				ENABLE_NS_ASSERTIONS = NO;
				ENABLE_STRICT_OBJC_MSGSEND = YES;
				GCC_C_LANGUAGE_STANDARD = gnu11;
				GCC_NO_COMMON_BLOCKS = YES;
				GCC_WARN_64_TO_32_BIT_CONVERSION = YES;
				GCC_WARN_ABOUT_RETURN_TYPE = YES_ERROR;
				GCC_WARN_UNDECLARED_SELECTOR = YES;
				GCC_WARN_UNINITIALIZED_AUTOS = YES_AGGRESSIVE;
				GCC_WARN_UNUSED_FUNCTION = YES;
				GCC_WARN_UNUSED_VARIABLE = YES;
				IPHONEOS_DEPLOYMENT_TARGET = 14.4;
				MTL_ENABLE_DEBUG_INFO = NO;
				MTL_FAST_MATH = YES;
				SDKROOT = iphoneos;
				SWIFT_COMPILATION_MODE = wholemodule;
				SWIFT_OPTIMIZATION_LEVEL = "-O";
				VALIDATE_PRODUCT = YES;
			};
			name = Release;
		};
		5224470F25D24D9B00D0221B /* Debug */ = {
			isa = XCBuildConfiguration;
			buildSettings = {
				ASSETCATALOG_COMPILER_APPICON_NAME = AppIcon;
				ASSETCATALOG_COMPILER_GLOBAL_ACCENT_COLOR_NAME = AccentColor;
				CODE_SIGN_STYLE = Automatic;
				DEVELOPMENT_TEAM = M8QNZ7N62J;
				INFOPLIST_FILE = MFS_sprint_1/Info.plist;
				LD_RUNPATH_SEARCH_PATHS = (
					"$(inherited)",
					"@executable_path/Frameworks",
				);
				PRODUCT_BUNDLE_IDENTIFIER = "com.tami.MFS-sprint-1";
				PRODUCT_NAME = "$(TARGET_NAME)";
				SWIFT_VERSION = 5.0;
				TARGETED_DEVICE_FAMILY = "1,2";
			};
			name = Debug;
		};
		5224471025D24D9B00D0221B /* Release */ = {
			isa = XCBuildConfiguration;
			buildSettings = {
				ASSETCATALOG_COMPILER_APPICON_NAME = AppIcon;
				ASSETCATALOG_COMPILER_GLOBAL_ACCENT_COLOR_NAME = AccentColor;
				CODE_SIGN_STYLE = Automatic;
				DEVELOPMENT_TEAM = M8QNZ7N62J;
				INFOPLIST_FILE = MFS_sprint_1/Info.plist;
				LD_RUNPATH_SEARCH_PATHS = (
					"$(inherited)",
					"@executable_path/Frameworks",
				);
				PRODUCT_BUNDLE_IDENTIFIER = "com.tami.MFS-sprint-1";
				PRODUCT_NAME = "$(TARGET_NAME)";
				SWIFT_VERSION = 5.0;
				TARGETED_DEVICE_FAMILY = "1,2";
			};
			name = Release;
		};
/* End XCBuildConfiguration section */

/* Begin XCConfigurationList section */
		522446F525D24D9A00D0221B /* Build configuration list for PBXProject "MFS_sprint_1" */ = {
			isa = XCConfigurationList;
			buildConfigurations = (
				5224470C25D24D9B00D0221B /* Debug */,
				5224470D25D24D9B00D0221B /* Release */,
			);
			defaultConfigurationIsVisible = 0;
			defaultConfigurationName = Release;
		};
		5224470E25D24D9B00D0221B /* Build configuration list for PBXNativeTarget "MFS_sprint_1" */ = {
			isa = XCConfigurationList;
			buildConfigurations = (
				5224470F25D24D9B00D0221B /* Debug */,
				5224471025D24D9B00D0221B /* Release */,
			);
			defaultConfigurationIsVisible = 0;
			defaultConfigurationName = Release;
		};
/* End XCConfigurationList section */
	};
	rootObject = 522446F225D24D9A00D0221B /* Project object */;
}
